
Microsoft Visual Studio Solution File, Format Version 12.00
# Visual Studio Version 17
VisualStudioVersion = 17.5.33424.131
MinimumVisualStudioVersion = 10.0.40219.1
Project("{8BC9CEB8-8B4A-11D0-8D11-00A0C91BC942}") = "FunctionsArraysStructs", "FunctionsArraysStructs\FunctionsArraysStructs.vcxproj", "{B3EA1554-C39C-4682-ACB6-2D0BE7516A0F}"
EndProject
Project("{8BC9CEB8-8B4A-11D0-8D11-00A0C91BC942}") = "AverageInputArray", "AverageInputArray\AverageInputArray.vcxproj", "{54F7D0F5-5ABE-4751-A88C-8038AE3FB793}"
EndProject
Global
	GlobalSection(SolutionConfigurationPlatforms) = preSolution
		Debug|x64 = Debug|x64
		Debug|x86 = Debug|x86
		Release|x64 = Release|x64
		Release|x86 = Release|x86
	EndGlobalSection
	GlobalSection(ProjectConfigurationPlatforms) = postSolution
		{B3EA1554-C39C-4682-ACB6-2D0BE7516A0F}.Debug|x64.ActiveCfg = Debug|x64
		{B3EA1554-C39C-4682-ACB6-2D0BE7516A0F}.Debug|x64.Build.0 = Debug|x64
		{B3EA1554-C39C-4682-ACB6-2D0BE7516A0F}.Debug|x86.ActiveCfg = Debug|Win32
		{B3EA1554-C39C-4682-ACB6-2D0BE7516A0F}.Debug|x86.Build.0 = Debug|Win32
		{B3EA1554-C39C-4682-ACB6-2D0BE7516A0F}.Release|x64.ActiveCfg = Release|x64
		{B3EA1554-C39C-4682-ACB6-2D0BE7516A0F}.Release|x64.Build.0 = Release|x64
		{B3EA1554-C39C-4682-ACB6-2D0BE7516A0F}.Release|x86.ActiveCfg = Release|Win32
		{B3EA1554-C39C-4682-ACB6-2D0BE7516A0F}.Release|x86.Build.0 = Release|Win32
		{54F7D0F5-5ABE-4751-A88C-8038AE3FB793}.Debug|x64.ActiveCfg = Debug|x64
		{54F7D0F5-5ABE-4751-A88C-8038AE3FB793}.Debug|x64.Build.0 = Debug|x64
		{54F7D0F5-5ABE-4751-A88C-8038AE3FB793}.Debug|x86.ActiveCfg = Debug|Win32
		{54F7D0F5-5ABE-4751-A88C-8038AE3FB793}.Debug|x86.Build.0 = Debug|Win32
		{54F7D0F5-5ABE-4751-A88C-8038AE3FB793}.Release|x64.ActiveCfg = Release|x64
		{54F7D0F5-5ABE-4751-A88C-8038AE3FB793}.Release|x64.Build.0 = Release|x64
		{54F7D0F5-5ABE-4751-A88C-8038AE3FB793}.Release|x86.ActiveCfg = Release|Win32
		{54F7D0F5-5ABE-4751-A88C-8038AE3FB793}.Release|x86.Build.0 = Release|Win32
	EndGlobalSection
	GlobalSection(SolutionProperties) = preSolution
		HideSolutionNode = FALSE
	EndGlobalSection
	GlobalSection(ExtensibilityGlobals) = postSolution
		SolutionGuid = {D8BD9498-7F00-45CF-AD98-C46594A85DF4}
	EndGlobalSection
EndGlobal
